
Microsoft Visual Studio Solution File, Format Version 12.00
# Visual Studio 15
VisualStudioVersion = 15.0.28010.2046
MinimumVisualStudioVersion = 10.0.40219.1
Project("{FAE04EC0-301F-11D3-BF4B-00C04F79EFBC}") = "AdventOfCodeDay2", "AdventOfCodeDay2\AdventOfCodeDay2.csproj", "{F207BE19-9E9D-4506-B7D6-CDF2B99009FC}"
EndProject
Global
	GlobalSection(SolutionConfigurationPlatforms) = preSolution
		Debug|Any CPU = Debug|Any CPU
		Help|Any CPU = Help|Any CPU
		Help2|Any CPU = Help2|Any CPU
		Release|Any CPU = Release|Any CPU
	EndGlobalSection
	GlobalSection(ProjectConfigurationPlatforms) = postSolution
		{F207BE19-9E9D-4506-B7D6-CDF2B99009FC}.Debug|Any CPU.ActiveCfg = Debug|Any CPU
		{F207BE19-9E9D-4506-B7D6-CDF2B99009FC}.Debug|Any CPU.Build.0 = Debug|Any CPU
		{F207BE19-9E9D-4506-B7D6-CDF2B99009FC}.Help|Any CPU.ActiveCfg = Help|Any CPU
		{F207BE19-9E9D-4506-B7D6-CDF2B99009FC}.Help|Any CPU.Build.0 = Help|Any CPU
		{F207BE19-9E9D-4506-B7D6-CDF2B99009FC}.Help2|Any CPU.ActiveCfg = Debug|Any CPU
		{F207BE19-9E9D-4506-B7D6-CDF2B99009FC}.Help2|Any CPU.Build.0 = Debug|Any CPU
		{F207BE19-9E9D-4506-B7D6-CDF2B99009FC}.Release|Any CPU.ActiveCfg = Debug|Any CPU
		{F207BE19-9E9D-4506-B7D6-CDF2B99009FC}.Release|Any CPU.Build.0 = Debug|Any CPU
	EndGlobalSection
	GlobalSection(SolutionProperties) = preSolution
		HideSolutionNode = FALSE
	EndGlobalSection
	GlobalSection(ExtensibilityGlobals) = postSolution
		SolutionGuid = {4EEC329B-E090-4D83-813C-D4F311884892}
	EndGlobalSection
EndGlobal
